
Microsoft Visual Studio Solution File, Format Version 12.00
# Visual Studio 15
Project("{FAE04EC0-301F-11D3-BF4B-00C04F79EFBC}") = "Assembly-CSharp", "Assembly-CSharp.csproj", "{04BA247F-F129-9B29-455B-391DD425B160}"
EndProject
Project("{FAE04EC0-301F-11D3-BF4B-00C04F79EFBC}") = "Assembly-CSharp-firstpass", "Assembly-CSharp-firstpass.csproj", "{AE227AC8-64EC-01C6-90C7-07E91CBB1940}"
EndProject
Project("{FAE04EC0-301F-11D3-BF4B-00C04F79EFBC}") = "Assembly-CSharp-Editor-firstpass", "Assembly-CSharp-Editor-firstpass.csproj", "{453E5228-FA93-BB8F-0278-3A499A3DF9DF}"
EndProject
Project("{FAE04EC0-301F-11D3-BF4B-00C04F79EFBC}") = "Assembly-CSharp-Editor", "Assembly-CSharp-Editor.csproj", "{FA72B981-343F-A2B9-A5D6-0A05B513946A}"
EndProject
Global
	GlobalSection(SolutionConfigurationPlatforms) = preSolution
		Debug|Any CPU = Debug|Any CPU
		Release|Any CPU = Release|Any CPU
	EndGlobalSection
	GlobalSection(ProjectConfigurationPlatforms) = postSolution
		{04BA247F-F129-9B29-455B-391DD425B160}.Debug|Any CPU.ActiveCfg = Debug|Any CPU
		{04BA247F-F129-9B29-455B-391DD425B160}.Debug|Any CPU.Build.0 = Debug|Any CPU
		{04BA247F-F129-9B29-455B-391DD425B160}.Release|Any CPU.ActiveCfg = Release|Any CPU
		{04BA247F-F129-9B29-455B-391DD425B160}.Release|Any CPU.Build.0 = Release|Any CPU
		{AE227AC8-64EC-01C6-90C7-07E91CBB1940}.Debug|Any CPU.ActiveCfg = Debug|Any CPU
		{AE227AC8-64EC-01C6-90C7-07E91CBB1940}.Debug|Any CPU.Build.0 = Debug|Any CPU
		{AE227AC8-64EC-01C6-90C7-07E91CBB1940}.Release|Any CPU.ActiveCfg = Release|Any CPU
		{AE227AC8-64EC-01C6-90C7-07E91CBB1940}.Release|Any CPU.Build.0 = Release|Any CPU
		{453E5228-FA93-BB8F-0278-3A499A3DF9DF}.Debug|Any CPU.ActiveCfg = Debug|Any CPU
		{453E5228-FA93-BB8F-0278-3A499A3DF9DF}.Debug|Any CPU.Build.0 = Debug|Any CPU
		{453E5228-FA93-BB8F-0278-3A499A3DF9DF}.Release|Any CPU.ActiveCfg = Release|Any CPU
		{453E5228-FA93-BB8F-0278-3A499A3DF9DF}.Release|Any CPU.Build.0 = Release|Any CPU
		{FA72B981-343F-A2B9-A5D6-0A05B513946A}.Debug|Any CPU.ActiveCfg = Debug|Any CPU
		{FA72B981-343F-A2B9-A5D6-0A05B513946A}.Debug|Any CPU.Build.0 = Debug|Any CPU
		{FA72B981-343F-A2B9-A5D6-0A05B513946A}.Release|Any CPU.ActiveCfg = Release|Any CPU
		{FA72B981-343F-A2B9-A5D6-0A05B513946A}.Release|Any CPU.Build.0 = Release|Any CPU
	EndGlobalSection
	GlobalSection(SolutionProperties) = preSolution
		HideSolutionNode = FALSE
	EndGlobalSection
EndGlobal
